
Microsoft Visual Studio Solution File, Format Version 12.00
# Visual Studio Version 16
VisualStudioVersion = 16.0.30804.86
MinimumVisualStudioVersion = 10.0.40219.1
Project("{FAE04EC0-301F-11D3-BF4B-00C04F79EFBC}") = "Notas", "Notas.csproj", "{AC9ED23F-1934-4646-853C-132E27C65A57}"
EndProject
Global
	GlobalSection(SolutionConfigurationPlatforms) = preSolution
		Debug|Any CPU = Debug|Any CPU
		Release|Any CPU = Release|Any CPU
	EndGlobalSection
	GlobalSection(ProjectConfigurationPlatforms) = postSolution
		{AC9ED23F-1934-4646-853C-132E27C65A57}.Debug|Any CPU.ActiveCfg = Debug|Any CPU
		{AC9ED23F-1934-4646-853C-132E27C65A57}.Debug|Any CPU.Build.0 = Debug|Any CPU
		{AC9ED23F-1934-4646-853C-132E27C65A57}.Release|Any CPU.ActiveCfg = Release|Any CPU
		{AC9ED23F-1934-4646-853C-132E27C65A57}.Release|Any CPU.Build.0 = Release|Any CPU
	EndGlobalSection
	GlobalSection(SolutionProperties) = preSolution
		HideSolutionNode = FALSE
	EndGlobalSection
	GlobalSection(ExtensibilityGlobals) = postSolution
		SolutionGuid = {33A5FC58-0EEB-44CB-AA66-175E06FED8BE}
	EndGlobalSection
EndGlobal
